{
  "name": "LocalSupport",
  "version": "2.0.0",
  "lockfileVersion": 2,
  "requires": true,
  "packages": {
    "": {
      "version": "2.0.0",
      "hasInstallScript": true,
      "license": "MIT",
      "dependencies": {
        "bower": "^1.8.8",
        "semver": "^5.5.0"
      },
      "engines": {
        "node": "15.13.0",
        "npm": "6.7.0"
      }
    },
    "node_modules/bower": {
      "version": "1.8.8",
      "resolved": "https://registry.npmjs.org/bower/-/bower-1.8.8.tgz",
      "integrity": "sha512-1SrJnXnkP9soITHptSO+ahx3QKp3cVzn8poI6ujqc5SeOkg5iqM1pK9H+DSc2OQ8SnO0jC/NG4Ur/UIwy7574A==",
      "bin": {
        "bower": "bin/bower"
      },
      "engines": {
        "node": ">=0.10.0"
      }
    },
    "node_modules/semver": {
      "version": "5.5.0",
      "resolved": "https://registry.npmjs.org/semver/-/semver-5.5.0.tgz",
      "integrity": "sha512-4SJ3dm0WAwWy/NVeioZh5AntkdJoWKxHxcmyP622fOkgHa4z3R0TdBJICINyaSDE6uNwVc8gZr+ZinwZAH4xIA==",
      "bin": {
        "semver": "bin/semver"
      }
    }
  },
  "dependencies": {
    "bower": {
      "version": "1.8.8",
      "resolved": "https://registry.npmjs.org/bower/-/bower-1.8.8.tgz",
      "integrity": "sha512-1SrJnXnkP9soITHptSO+ahx3QKp3cVzn8poI6ujqc5SeOkg5iqM1pK9H+DSc2OQ8SnO0jC/NG4Ur/UIwy7574A=="
    },
    "semver": {
      "version": "5.5.0",
      "resolved": "https://registry.npmjs.org/semver/-/semver-5.5.0.tgz",
      "integrity": "sha512-4SJ3dm0WAwWy/NVeioZh5AntkdJoWKxHxcmyP622fOkgHa4z3R0TdBJICINyaSDE6uNwVc8gZr+ZinwZAH4xIA=="
    }
  }
}
