{
  "name": "LocalSupport",
  "version": "2.0.0",
  "lockfileVersion": 1,
  "requires": true,
  "dependencies": {
    "bower": {
      "version": "1.8.2",
      "resolved": "https://registry.npmjs.org/bower/-/bower-1.8.2.tgz",
      "integrity": "sha1-rfU1KcjUrwLvJPuNU0HBQZ0z4vc="
    },
    "commander": {
      "version": "2.20.0",
      "resolved": "https://registry.npmjs.org/commander/-/commander-2.20.0.tgz",
      "integrity": "sha512-7j2y+40w61zy6YC2iRNpUe/NwhNyoXrYpHMrSunaMG64nRnaf96zO/KMQR4OyN/UnE5KLyEBnKHd4aG3rskjpQ=="
    },
    "semver": {
      "version": "5.5.0",
      "resolved": "https://registry.npmjs.org/semver/-/semver-5.5.0.tgz",
      "integrity": "sha512-4SJ3dm0WAwWy/NVeioZh5AntkdJoWKxHxcmyP622fOkgHa4z3R0TdBJICINyaSDE6uNwVc8gZr+ZinwZAH4xIA=="
    },
    "topojson": {
      "version": "3.0.2",
      "resolved": "https://registry.npmjs.org/topojson/-/topojson-3.0.2.tgz",
      "integrity": "sha512-u3zeuL6WEVL0dmsRn7uHZKc4Ao4gpW3sORUv+N3ezLTvY3JdCuyg0hvpWiIfFw8p/JwVN++SvAsFgcFEeR15rQ==",
      "requires": {
        "topojson-client": "3.0.0",
        "topojson-server": "3.0.0",
        "topojson-simplify": "3.0.2"
      },
      "dependencies": {
        "topojson-client": {
          "version": "3.0.0",
          "resolved": "https://registry.npmjs.org/topojson-client/-/topojson-client-3.0.0.tgz",
          "integrity": "sha1-H5kpOnfvQqRI0DKoGqmCtz82DS8=",
          "requires": {
            "commander": "2"
          }
        },
        "topojson-server": {
          "version": "3.0.0",
          "resolved": "https://registry.npmjs.org/topojson-server/-/topojson-server-3.0.0.tgz",
          "integrity": "sha1-N4546Hw5cqe1vixdYENptrrmnF4=",
          "requires": {
            "commander": "2"
          }
        },
        "topojson-simplify": {
          "version": "3.0.2",
          "resolved": "https://registry.npmjs.org/topojson-simplify/-/topojson-simplify-3.0.2.tgz",
          "integrity": "sha512-gyYSVRt4jO/0RJXKZQPzTDQRWV+D/nOfiljNUv0HBXslFLtq3yxRHrl7jbrjdbda5Ytdr7M8BZUI4OxU7tnbRQ==",
          "requires": {
            "commander": "2",
            "topojson-client": "3"
          }
        }
      }
    }
  }
}
