# THIS IS AN AUTOGENERATED FILE. DO NOT EDIT THIS FILE DIRECTLY.
# yarn lockfile v1


abbrev@1:
  version "1.1.1"
  resolved "https://registry.yarnpkg.com/abbrev/-/abbrev-1.1.1.tgz#f8f2c887ad10bf67f634f005b6987fed3179aac8"

asap@^2.0.0:
  version "2.0.6"
  resolved "https://registry.yarnpkg.com/asap/-/asap-2.0.6.tgz#e50347611d7e690943208bbdafebcbc2fb866d46"

balanced-match@^1.0.0:
  version "1.0.0"
  resolved "https://registry.yarnpkg.com/balanced-match/-/balanced-match-1.0.0.tgz#89b4d199ab2bee49de164ea02b89ce462d71b767"

bower@^1.3.12:
  version "1.8.2"
  resolved "https://registry.yarnpkg.com/bower/-/bower-1.8.2.tgz#adf53529c8d4af02ef24fb8d5341c1419d33e2f7"

brace-expansion@^1.1.7:
  version "1.1.8"
  resolved "https://registry.yarnpkg.com/brace-expansion/-/brace-expansion-1.1.8.tgz#c07b211c7c952ec1f8efd51a77ef0d1d3990a292"
  dependencies:
    balanced-match "^1.0.0"
    concat-map "0.0.1"

concat-map@0.0.1:
  version "0.0.1"
  resolved "https://registry.yarnpkg.com/concat-map/-/concat-map-0.0.1.tgz#d8a96bd77fd68df7793a73036a3ba0d5405d477b"

config-chain@~1.1.8:
  version "1.1.11"
  resolved "https://registry.yarnpkg.com/config-chain/-/config-chain-1.1.11.tgz#aba09747dfbe4c3e70e766a6e41586e1859fc6f2"
  dependencies:
    ini "^1.3.4"
    proto-list "~1.2.1"

debuglog@^1.0.1:
  version "1.0.1"
  resolved "https://registry.yarnpkg.com/debuglog/-/debuglog-1.0.1.tgz#aa24ffb9ac3df9a2351837cfb2d279360cd78492"

dezalgo@^1.0.0:
  version "1.0.3"
  resolved "https://registry.yarnpkg.com/dezalgo/-/dezalgo-1.0.3.tgz#7f742de066fc748bc8db820569dddce49bf0d456"
  dependencies:
    asap "^2.0.0"
    wrappy "1"

github-url-from-git@^1.3.0:
  version "1.5.0"
  resolved "https://registry.yarnpkg.com/github-url-from-git/-/github-url-from-git-1.5.0.tgz#f985fedcc0a9aa579dc88d7aff068d55cc6251a0"

github-url-from-username-repo@^1.0.0:
  version "1.0.2"
  resolved "https://registry.yarnpkg.com/github-url-from-username-repo/-/github-url-from-username-repo-1.0.2.tgz#7dd79330d2abe69c10c2cef79714c97215791dfa"

glob@^5.0.3:
  version "5.0.15"
  resolved "https://registry.yarnpkg.com/glob/-/glob-5.0.15.tgz#1bc936b9e02f4a603fcc222ecf7633d30b8b93b1"
  dependencies:
    inflight "^1.0.4"
    inherits "2"
    minimatch "2 || 3"
    once "^1.3.0"
    path-is-absolute "^1.0.0"

"graceful-fs@2 || 3":
  version "3.0.11"
  resolved "https://registry.yarnpkg.com/graceful-fs/-/graceful-fs-3.0.11.tgz#7613c778a1afea62f25c630a086d7f3acbbdd818"
  dependencies:
    natives "^1.1.0"

graceful-fs@^4.1.2:
  version "4.1.11"
  resolved "https://registry.yarnpkg.com/graceful-fs/-/graceful-fs-4.1.11.tgz#0e8bdfe4d1ddb8854d64e04ea7c00e2a026e5658"

inflight@^1.0.4:
  version "1.0.6"
  resolved "https://registry.yarnpkg.com/inflight/-/inflight-1.0.6.tgz#49bd6331d7d02d0c09bc910a1075ba8165b56df9"
  dependencies:
    once "^1.3.0"
    wrappy "1"

inherits@2, inherits@~2.0.0:
  version "2.0.3"
  resolved "https://registry.yarnpkg.com/inherits/-/inherits-2.0.3.tgz#633c2c83e3da42a502f52466022480f4208261de"

ini@^1.2.0, ini@^1.3.4:
  version "1.3.5"
  resolved "https://registry.yarnpkg.com/ini/-/ini-1.3.5.tgz#eee25f56db1c9ec6085e0c22778083f596abf927"

jju@^1.1.0:
  version "1.3.0"
  resolved "https://registry.yarnpkg.com/jju/-/jju-1.3.0.tgz#dadd9ef01924bc728b03f2f7979bdbd62f7a2aaa"

json-parse-helpfulerror@^1.0.2:
  version "1.0.3"
  resolved "https://registry.yarnpkg.com/json-parse-helpfulerror/-/json-parse-helpfulerror-1.0.3.tgz#13f14ce02eed4e981297b64eb9e3b932e2dd13dc"
  dependencies:
    jju "^1.1.0"

lockdown@0.0.8-dev:
  version "0.0.8-dev"
  resolved "https://registry.yarnpkg.com/lockdown/-/lockdown-0.0.8-dev.tgz#09f04e75e7abd5ccdf2019b92acb615d4b25f2f7"
  dependencies:
    npmconf "1.1.5"
    osenv "0.1.0"
    read-installed "3.1.0"

"minimatch@2 || 3":
  version "3.0.4"
  resolved "https://registry.yarnpkg.com/minimatch/-/minimatch-3.0.4.tgz#5166e286457f03306064be5497e8dbb0c3d32083"
  dependencies:
    brace-expansion "^1.1.7"

minimist@0.0.8:
  version "0.0.8"
  resolved "https://registry.yarnpkg.com/minimist/-/minimist-0.0.8.tgz#857fcabfc3397d2625b8228262e86aa7a011b05d"

mkdirp@^0.5.0:
  version "0.5.1"
  resolved "https://registry.yarnpkg.com/mkdirp/-/mkdirp-0.5.1.tgz#30057438eac6cf7f8c4767f38648d6697d75c903"
  dependencies:
    minimist "0.0.8"

natives@^1.1.0:
  version "1.1.1"
  resolved "https://registry.yarnpkg.com/natives/-/natives-1.1.1.tgz#011acce1f7cbd87f7ba6b3093d6cd9392be1c574"

nopt@~3.0.1:
  version "3.0.6"
  resolved "https://registry.yarnpkg.com/nopt/-/nopt-3.0.6.tgz#c6465dbf08abcd4db359317f79ac68a646b28ff9"
  dependencies:
    abbrev "1"

normalize-package-data@^1.0.0:
  version "1.0.3"
  resolved "https://registry.yarnpkg.com/normalize-package-data/-/normalize-package-data-1.0.3.tgz#8be955b8907af975f1a4584ea8bb9b41492312f5"
  dependencies:
    github-url-from-git "^1.3.0"
    github-url-from-username-repo "^1.0.0"
    semver "2 || 3 || 4"

npmconf@1.1.5:
  version "1.1.5"
  resolved "https://registry.yarnpkg.com/npmconf/-/npmconf-1.1.5.tgz#07777bea48d78eed75a4258962a09f3dc7b6b916"
  dependencies:
    config-chain "~1.1.8"
    inherits "~2.0.0"
    ini "^1.2.0"
    mkdirp "^0.5.0"
    nopt "~3.0.1"
    once "~1.3.0"
    osenv "^0.1.0"
    semver "2"
    uid-number "0.0.5"

once@^1.3.0:
  version "1.4.0"
  resolved "https://registry.yarnpkg.com/once/-/once-1.4.0.tgz#583b1aa775961d4b113ac17d9c50baef9dd76bd1"
  dependencies:
    wrappy "1"

once@~1.3.0:
  version "1.3.3"
  resolved "https://registry.yarnpkg.com/once/-/once-1.3.3.tgz#b2e261557ce4c314ec8304f3fa82663e4297ca20"
  dependencies:
    wrappy "1"

os-homedir@^1.0.0:
  version "1.0.2"
  resolved "https://registry.yarnpkg.com/os-homedir/-/os-homedir-1.0.2.tgz#ffbc4988336e0e833de0c168c7ef152121aa7fb3"

os-tmpdir@^1.0.0:
  version "1.0.2"
  resolved "https://registry.yarnpkg.com/os-tmpdir/-/os-tmpdir-1.0.2.tgz#bbe67406c79aa85c5cfec766fe5734555dfa1274"

osenv@0.1.0:
  version "0.1.0"
  resolved "https://registry.yarnpkg.com/osenv/-/osenv-0.1.0.tgz#61668121eec584955030b9f470b1d2309504bfcb"

osenv@^0.1.0:
  version "0.1.4"
  resolved "https://registry.yarnpkg.com/osenv/-/osenv-0.1.4.tgz#42fe6d5953df06c8064be6f176c3d05aaaa34644"
  dependencies:
    os-homedir "^1.0.0"
    os-tmpdir "^1.0.0"

path-is-absolute@^1.0.0:
  version "1.0.1"
  resolved "https://registry.yarnpkg.com/path-is-absolute/-/path-is-absolute-1.0.1.tgz#174b9268735534ffbc7ace6bf53a5a9e1b5c5f5f"

proto-list@~1.2.1:
  version "1.2.4"
  resolved "https://registry.yarnpkg.com/proto-list/-/proto-list-1.2.4.tgz#212d5bfe1318306a420f6402b8e26ff39647a849"

read-installed@3.1.0:
  version "3.1.0"
  resolved "https://registry.yarnpkg.com/read-installed/-/read-installed-3.1.0.tgz#47075ba8828147ed495084df779f29a4329ad3df"
  dependencies:
    debuglog "^1.0.1"
    read-package-json "1"
    readdir-scoped-modules "^1.0.0"
    semver "2 || 3"
    slide "~1.1.3"
    util-extend "^1.0.1"
  optionalDependencies:
    graceful-fs "2 || 3"

read-package-json@1:
  version "1.3.3"
  resolved "https://registry.yarnpkg.com/read-package-json/-/read-package-json-1.3.3.tgz#ef79dfda46e165376ee8a57efbfedd4d1b029ba4"
  dependencies:
    glob "^5.0.3"
    json-parse-helpfulerror "^1.0.2"
    normalize-package-data "^1.0.0"
  optionalDependencies:
    graceful-fs "2 || 3"

readdir-scoped-modules@^1.0.0:
  version "1.0.2"
  resolved "https://registry.yarnpkg.com/readdir-scoped-modules/-/readdir-scoped-modules-1.0.2.tgz#9fafa37d286be5d92cbaebdee030dc9b5f406747"
  dependencies:
    debuglog "^1.0.1"
    dezalgo "^1.0.0"
    graceful-fs "^4.1.2"
    once "^1.3.0"

semver@2:
  version "2.3.2"
  resolved "https://registry.yarnpkg.com/semver/-/semver-2.3.2.tgz#b9848f25d6cf36333073ec9ef8856d42f1233e52"

"semver@2 || 3":
  version "3.0.1"
  resolved "https://registry.yarnpkg.com/semver/-/semver-3.0.1.tgz#720ac012515a252f91fb0dd2e99a56a70d6cf078"

"semver@2 || 3 || 4":
  version "4.3.6"
  resolved "https://registry.yarnpkg.com/semver/-/semver-4.3.6.tgz#300bc6e0e86374f7ba61068b5b1ecd57fc6532da"

slide@~1.1.3:
  version "1.1.6"
  resolved "https://registry.yarnpkg.com/slide/-/slide-1.1.6.tgz#56eb027d65b4d2dce6cb2e2d32c4d4afc9e1d707"

uid-number@0.0.5:
  version "0.0.5"
  resolved "https://registry.yarnpkg.com/uid-number/-/uid-number-0.0.5.tgz#5a3db23ef5dbd55b81fce0ec9a2ac6fccdebb81e"

util-extend@^1.0.1:
  version "1.0.3"
  resolved "https://registry.yarnpkg.com/util-extend/-/util-extend-1.0.3.tgz#a7c216d267545169637b3b6edc6ca9119e2ff93f"

wrappy@1:
  version "1.0.2"
  resolved "https://registry.yarnpkg.com/wrappy/-/wrappy-1.0.2.tgz#b5243d8f3ec1aa35f1364605bc0d1036e30ab69f"
